
Microsoft Visual Studio Solution File, Format Version 12.00
# Visual Studio Version 17
VisualStudioVersion = 17.1.32210.238
MinimumVisualStudioVersion = 10.0.40219.1
Project("{9A19103F-16F7-4668-BE54-9A1E7A4F7556}") = "AutomationFramework", "AutomationFramework.csproj", "{D14CDCCB-7FF8-4DFC-86D2-B623A91C2772}"
EndProject
Project("{9A19103F-16F7-4668-BE54-9A1E7A4F7556}") = "AutomationFrameworkCommons", "..\AutomationFrameworkCommons\AutomationFrameworkCommons.csproj", "{9254AA56-FDC2-4746-818F-620D230A0E28}"
EndProject
Project("{FAE04EC0-301F-11D3-BF4B-00C04F79EFBC}") = "ReqRestService.API.Tests", "..\ReqRestService.API.Tests\ReqRestService.API.Tests.csproj", "{645E7046-BB49-49DD-8C89-C36B5083D14A}"
EndProject
Global
	GlobalSection(SolutionConfigurationPlatforms) = preSolution
		Debug|Any CPU = Debug|Any CPU
		Release|Any CPU = Release|Any CPU
	EndGlobalSection
	GlobalSection(ProjectConfigurationPlatforms) = postSolution
		{D14CDCCB-7FF8-4DFC-86D2-B623A91C2772}.Debug|Any CPU.ActiveCfg = Debug|Any CPU
		{D14CDCCB-7FF8-4DFC-86D2-B623A91C2772}.Debug|Any CPU.Build.0 = Debug|Any CPU
		{D14CDCCB-7FF8-4DFC-86D2-B623A91C2772}.Release|Any CPU.ActiveCfg = Release|Any CPU
		{D14CDCCB-7FF8-4DFC-86D2-B623A91C2772}.Release|Any CPU.Build.0 = Release|Any CPU
		{9254AA56-FDC2-4746-818F-620D230A0E28}.Debug|Any CPU.ActiveCfg = Debug|Any CPU
		{9254AA56-FDC2-4746-818F-620D230A0E28}.Debug|Any CPU.Build.0 = Debug|Any CPU
		{9254AA56-FDC2-4746-818F-620D230A0E28}.Release|Any CPU.ActiveCfg = Release|Any CPU
		{9254AA56-FDC2-4746-818F-620D230A0E28}.Release|Any CPU.Build.0 = Release|Any CPU
		{645E7046-BB49-49DD-8C89-C36B5083D14A}.Debug|Any CPU.ActiveCfg = Debug|Any CPU
		{645E7046-BB49-49DD-8C89-C36B5083D14A}.Debug|Any CPU.Build.0 = Debug|Any CPU
		{645E7046-BB49-49DD-8C89-C36B5083D14A}.Release|Any CPU.ActiveCfg = Release|Any CPU
		{645E7046-BB49-49DD-8C89-C36B5083D14A}.Release|Any CPU.Build.0 = Release|Any CPU
	EndGlobalSection
	GlobalSection(SolutionProperties) = preSolution
		HideSolutionNode = FALSE
	EndGlobalSection
	GlobalSection(ExtensibilityGlobals) = postSolution
		SolutionGuid = {17F8D945-2A9D-4CF9-A360-35CAF2702C99}
	EndGlobalSection
EndGlobal
